
Microsoft Visual Studio Solution File, Format Version 12.00
# Visual Studio 15
VisualStudioVersion = 15.0.28307.329
MinimumVisualStudioVersion = 10.0.40219.1
Project("{FAE04EC0-301F-11D3-BF4B-00C04F79EFBC}") = "PiottiTech.HttpWeb", "PiottiTech.HttpWeb\PiottiTech.HttpWeb.csproj", "{5E7BB884-C3D9-4AF4-ACE9-8EFD6136E2A9}"
EndProject
Global
	GlobalSection(SolutionConfigurationPlatforms) = preSolution
		Debug|Any CPU = Debug|Any CPU
		Release|Any CPU = Release|Any CPU
	EndGlobalSection
	GlobalSection(ProjectConfigurationPlatforms) = postSolution
		{5E7BB884-C3D9-4AF4-ACE9-8EFD6136E2A9}.Debug|Any CPU.ActiveCfg = Debug|Any CPU
		{5E7BB884-C3D9-4AF4-ACE9-8EFD6136E2A9}.Debug|Any CPU.Build.0 = Debug|Any CPU
		{5E7BB884-C3D9-4AF4-ACE9-8EFD6136E2A9}.Release|Any CPU.ActiveCfg = Release|Any CPU
		{5E7BB884-C3D9-4AF4-ACE9-8EFD6136E2A9}.Release|Any CPU.Build.0 = Release|Any CPU
	EndGlobalSection
	GlobalSection(SolutionProperties) = preSolution
		HideSolutionNode = FALSE
	EndGlobalSection
	GlobalSection(ExtensibilityGlobals) = postSolution
		SolutionGuid = {BC03EA59-C1D4-4C0C-8255-77852600359D}
	EndGlobalSection
EndGlobal
